// !$*UTF8*$!
{
	archiveVersion = 1;
	classes = {
	};
	objectVersion = 56;
	objects = {

/* Begin PBXBuildFile section */
		23A64E8A2ACC5312005B6344 /* SwiftDataTCAApp.swift in Sources */ = {isa = PBXBuildFile; fileRef = 23A64E892ACC5312005B6344 /* SwiftDataTCAApp.swift */; };
		23A64E902ACC5313005B6344 /* Assets.xcassets in Resources */ = {isa = PBXBuildFile; fileRef = 23A64E8F2ACC5313005B6344 /* Assets.xcassets */; };
		23A64E942ACC5313005B6344 /* Preview Assets.xcassets in Resources */ = {isa = PBXBuildFile; fileRef = 23A64E932ACC5313005B6344 /* Preview Assets.xcassets */; };
		23A64E9D2ACC5DFE005B6344 /* ComposableArchitecture in Frameworks */ = {isa = PBXBuildFile; productRef = 23A64E9C2ACC5DFE005B6344 /* ComposableArchitecture */; };
		23A64E9F2ACC5E16005B6344 /* FromStateView.swift in Sources */ = {isa = PBXBuildFile; fileRef = 23A64E9E2ACC5E16005B6344 /* FromStateView.swift */; };
		23A64EA72ACF5812005B6344 /* Database.swift in Sources */ = {isa = PBXBuildFile; fileRef = 23A64EA62ACF5812005B6344 /* Database.swift */; };
		23A64EA92ACF5855005B6344 /* ModelContextProvider.swift in Sources */ = {isa = PBXBuildFile; fileRef = 23A64EA82ACF5855005B6344 /* ModelContextProvider.swift */; };
		23A64EAD2AD1AB46005B6344 /* MigrationPlan.swift in Sources */ = {isa = PBXBuildFile; fileRef = 23A64EAC2AD1AB46005B6344 /* MigrationPlan.swift */; };
		80180C422AFBECC900ADAB03 /* FromQueryView.swift in Sources */ = {isa = PBXBuildFile; fileRef = 80180C412AFBECC900ADAB03 /* FromQueryView.swift */; };
		BD0DC1DF2C41779D00821D09 /* FromStateFeatureTests.swift in Sources */ = {isa = PBXBuildFile; fileRef = BD0DC1DE2C41779D00821D09 /* FromStateFeatureTests.swift */; };
		BD13EDFD2C7B98AA000F68B4 /* RootFeatureView.swift in Sources */ = {isa = PBXBuildFile; fileRef = BD13EDFB2C7B98AA000F68B4 /* RootFeatureView.swift */; };
		BD13EDFE2C7B98AA000F68B4 /* RootFeature.swift in Sources */ = {isa = PBXBuildFile; fileRef = BD13EDFA2C7B98AA000F68B4 /* RootFeature.swift */; };
		BD1676AB2C98CF13004AA2D2 /* AnimationTests.swift in Sources */ = {isa = PBXBuildFile; fileRef = BD1676AA2C98CF13004AA2D2 /* AnimationTests.swift */; };
		BD1676AC2C98D006004AA2D2 /* Flash.swift in Sources */ = {isa = PBXBuildFile; fileRef = BD7324EB2C8799BE0026E1BE /* Flash.swift */; };
		BD1676B42C98DC64004AA2D2 /* FromQueryUITests.swift in Sources */ = {isa = PBXBuildFile; fileRef = BD1676B32C98DC64004AA2D2 /* FromQueryUITests.swift */; };
		BD1676B62C98DC65004AA2D2 /* SwiftDataTCAUITestsLaunchTests.swift in Sources */ = {isa = PBXBuildFile; fileRef = BD1676B52C98DC65004AA2D2 /* SwiftDataTCAUITestsLaunchTests.swift */; };
		BD20DFF02CA021E30071D66C /* TestingSupport.swift in Sources */ = {isa = PBXBuildFile; fileRef = BD20DFEF2CA021E30071D66C /* TestingSupport.swift */; };
		BD21828A2C4D35DA00FCB16E /* SnapshotTesting in Frameworks */ = {isa = PBXBuildFile; productRef = BD2182892C4D35DA00FCB16E /* SnapshotTesting */; };
		BD21828E2C4D406D00FCB16E /* XCTest+Extensions.swift in Sources */ = {isa = PBXBuildFile; fileRef = BD21828D2C4D406D00FCB16E /* XCTest+Extensions.swift */; };
		BD2182902C4D433600FCB16E /* FromQueryFeatureTests.swift in Sources */ = {isa = PBXBuildFile; fileRef = BD21828F2C4D433600FCB16E /* FromQueryFeatureTests.swift */; };
		BD2182962C4D8DBA00FCB16E /* ModelContextProviderTests.swift in Sources */ = {isa = PBXBuildFile; fileRef = BD2182952C4D8DAD00FCB16E /* ModelContextProviderTests.swift */; };
		BD2265152C3E763F00A975E8 /* SchemaV1.swift in Sources */ = {isa = PBXBuildFile; fileRef = BD2265142C3E763F00A975E8 /* SchemaV1.swift */; };
		BD2265172C3E764F00A975E8 /* SchemaV2.swift in Sources */ = {isa = PBXBuildFile; fileRef = BD2265162C3E764F00A975E8 /* SchemaV2.swift */; };
		BD2265192C3EBF6500A975E8 /* FromStateFeature.swift in Sources */ = {isa = PBXBuildFile; fileRef = BD2265182C3EBF5E00A975E8 /* FromStateFeature.swift */; };
		BD22651D2C3FC42E00A975E8 /* FromQueryFeature.swift in Sources */ = {isa = PBXBuildFile; fileRef = BD22651C2C3FC42E00A975E8 /* FromQueryFeature.swift */; };
		BD3A168D2C48F53E0089082D /* SchemaV5.swift in Sources */ = {isa = PBXBuildFile; fileRef = BD3A168C2C48F53E0089082D /* SchemaV5.swift */; };
		BD3A168F2C48FAB50089082D /* StageV3.swift in Sources */ = {isa = PBXBuildFile; fileRef = BD3A168E2C48FAAB0089082D /* StageV3.swift */; };
		BD3A16912C48FB400089082D /* StageV4.swift in Sources */ = {isa = PBXBuildFile; fileRef = BD3A16902C48FB330089082D /* StageV4.swift */; };
		BD3A16942C48FC130089082D /* StageV5.swift in Sources */ = {isa = PBXBuildFile; fileRef = BD3A16932C48FC130089082D /* StageV5.swift */; };
		BD3A16962C4905F40089082D /* Support.swift in Sources */ = {isa = PBXBuildFile; fileRef = BD3A16952C4905EE0089082D /* Support.swift */; };
		BD3A16982C490AA60089082D /* SchemaV5Tests.swift in Sources */ = {isa = PBXBuildFile; fileRef = BD3A16972C490AA60089082D /* SchemaV5Tests.swift */; };
		BD3C7FEB2C46548200C68195 /* SchemaV4Tests.swift in Sources */ = {isa = PBXBuildFile; fileRef = BD3C7FEA2C46548200C68195 /* SchemaV4Tests.swift */; };
		BD3C7FED2C4654F800C68195 /* SchemaV2Tests.swift in Sources */ = {isa = PBXBuildFile; fileRef = BD3C7FEC2C4654F800C68195 /* SchemaV2Tests.swift */; };
		BD7324EE2C8799BE0026E1BE /* Animations.swift in Sources */ = {isa = PBXBuildFile; fileRef = BD7324E82C8799BE0026E1BE /* Animations.swift */; };
		BD7324EF2C8799BE0026E1BE /* Confetti.swift in Sources */ = {isa = PBXBuildFile; fileRef = BD7324E92C8799BE0026E1BE /* Confetti.swift */; };
		BD7324F02C8799BE0026E1BE /* FadeIn.swift in Sources */ = {isa = PBXBuildFile; fileRef = BD7324EA2C8799BE0026E1BE /* FadeIn.swift */; };
		BD7324F22C8799BE0026E1BE /* Utils.swift in Sources */ = {isa = PBXBuildFile; fileRef = BD7324EC2C8799BE0026E1BE /* Utils.swift */; };
		BD7338032C40758A001D0E04 /* MockData.swift in Sources */ = {isa = PBXBuildFile; fileRef = BD7338022C407584001D0E04 /* MockData.swift */; };
		BD7338052C408769001D0E04 /* SchemaV3.swift in Sources */ = {isa = PBXBuildFile; fileRef = BD7338042C408769001D0E04 /* SchemaV3.swift */; };
		BD73380D2C4118CA001D0E04 /* SchemaV3Tests.swift in Sources */ = {isa = PBXBuildFile; fileRef = BD73380C2C4118CA001D0E04 /* SchemaV3Tests.swift */; };
		BD81CD102C71EEFA0095164F /* SchemaV6.swift in Sources */ = {isa = PBXBuildFile; fileRef = BD81CD0F2C71EEFA0095164F /* SchemaV6.swift */; };
		BD81CD122C71F0200095164F /* StageV6.swift in Sources */ = {isa = PBXBuildFile; fileRef = BD81CD112C71F0200095164F /* StageV6.swift */; };
		BD81CD142C71F28D0095164F /* SchemaV6Tests.swift in Sources */ = {isa = PBXBuildFile; fileRef = BD81CD132C71F28D0095164F /* SchemaV6Tests.swift */; };
		BD81CD162C71F5180095164F /* SchemaV6Tests.swift in Sources */ = {isa = PBXBuildFile; fileRef = BD81CD152C71F5180095164F /* SchemaV6Tests.swift */; };
		BD8F4DAE2C4688FC004ACF0B /* MovieActorsFeature.swift in Sources */ = {isa = PBXBuildFile; fileRef = BD3C7FF02C4686FA00C68195 /* MovieActorsFeature.swift */; };
		BD8F4DB02C4689A4004ACF0B /* MovieActorsView.swift in Sources */ = {isa = PBXBuildFile; fileRef = BD8F4DAF2C4689A4004ACF0B /* MovieActorsView.swift */; };
		BD8F4DB32C46C7E7004ACF0B /* ActorMoviesFeature.swift in Sources */ = {isa = PBXBuildFile; fileRef = BD8F4DB22C46C7E7004ACF0B /* ActorMoviesFeature.swift */; };
		BD8F4DB52C46C7F9004ACF0B /* ActorMoviesView.swift in Sources */ = {isa = PBXBuildFile; fileRef = BD8F4DB42C46C7F9004ACF0B /* ActorMoviesView.swift */; };
		BDA182042C4CFD4C001ACC6F /* SchemaV2Tests.swift in Sources */ = {isa = PBXBuildFile; fileRef = BDA182032C4CFD43001ACC6F /* SchemaV2Tests.swift */; };
		BDA182062C4CFE15001ACC6F /* SchemaV3Tests.swift in Sources */ = {isa = PBXBuildFile; fileRef = BDA182052C4CFE15001ACC6F /* SchemaV3Tests.swift */; };
		BDA182082C4D0003001ACC6F /* SchemaV4Tests.swift in Sources */ = {isa = PBXBuildFile; fileRef = BDA182072C4D0003001ACC6F /* SchemaV4Tests.swift */; };
		BDA1820A2C4D00FD001ACC6F /* SchemaV5Tests.swift in Sources */ = {isa = PBXBuildFile; fileRef = BDA182092C4D00FD001ACC6F /* SchemaV5Tests.swift */; };
		BDA1820C2C4D0878001ACC6F /* ActorMoviesFeatureTests.swift in Sources */ = {isa = PBXBuildFile; fileRef = BDA1820B2C4D0878001ACC6F /* ActorMoviesFeatureTests.swift */; };
		BDA1820E2C4D0FB4001ACC6F /* MovieActorsFeatureTests.swift in Sources */ = {isa = PBXBuildFile; fileRef = BDA1820D2C4D0FB4001ACC6F /* MovieActorsFeatureTests.swift */; };
		BDCDE1CA2C4518E2007E5A91 /* SchemaV4.swift in Sources */ = {isa = PBXBuildFile; fileRef = BDCDE1C92C4518E2007E5A91 /* SchemaV4.swift */; };
		BDD57C242C9D82BC0082178E /* FromStateUITests.swift in Sources */ = {isa = PBXBuildFile; fileRef = BDD57C232C9D82BC0082178E /* FromStateUITests.swift */; };
		BDD57C262C9D8D2C0082178E /* DatabaseTests.swift in Sources */ = {isa = PBXBuildFile; fileRef = BDD57C252C9D8D2C0082178E /* DatabaseTests.swift */; };
		BDD57C282C9D982E0082178E /* XCUIElement+Extensions.swift in Sources */ = {isa = PBXBuildFile; fileRef = BDD57C272C9D981E0082178E /* XCUIElement+Extensions.swift */; };
		BDD57C2A2C9D9E210082178E /* SchemaV1Tests.swift in Sources */ = {isa = PBXBuildFile; fileRef = BDD57C292C9D9E210082178E /* SchemaV1Tests.swift */; };
		BDD57C2C2C9DAB370082178E /* ViewLinkType.swift in Sources */ = {isa = PBXBuildFile; fileRef = BDD57C2B2C9DAB370082178E /* ViewLinkType.swift */; };
		BDF59DD02CA1E18E00DC7D00 /* IdentifiedCollections in Frameworks */ = {isa = PBXBuildFile; productRef = BDF59DCF2CA1E18E00DC7D00 /* IdentifiedCollections */; };
/* End PBXBuildFile section */

/* Begin PBXContainerItemProxy section */
		BD0DC1E02C41779D00821D09 /* PBXContainerItemProxy */ = {
			isa = PBXContainerItemProxy;
			containerPortal = 23A64E7E2ACC5312005B6344 /* Project object */;
			proxyType = 1;
			remoteGlobalIDString = 23A64E852ACC5312005B6344;
			remoteInfo = SwiftDataTCA;
		};
		BD1676B72C98DC65004AA2D2 /* PBXContainerItemProxy */ = {
			isa = PBXContainerItemProxy;
			containerPortal = 23A64E7E2ACC5312005B6344 /* Project object */;
			proxyType = 1;
			remoteGlobalIDString = 23A64E852ACC5312005B6344;
			remoteInfo = SwiftDataTCA;
		};
		BD73380E2C4118CA001D0E04 /* PBXContainerItemProxy */ = {
			isa = PBXContainerItemProxy;
			containerPortal = 23A64E7E2ACC5312005B6344 /* Project object */;
			proxyType = 1;
			remoteGlobalIDString = 23A64E852ACC5312005B6344;
			remoteInfo = SwiftDataTCA;
		};
/* End PBXContainerItemProxy section */

/* Begin PBXFileReference section */
		23A64E862ACC5312005B6344 /* SwiftDataTCA.app */ = {isa = PBXFileReference; explicitFileType = wrapper.application; includeInIndex = 0; path = SwiftDataTCA.app; sourceTree = BUILT_PRODUCTS_DIR; };
		23A64E892ACC5312005B6344 /* SwiftDataTCAApp.swift */ = {isa = PBXFileReference; lastKnownFileType = sourcecode.swift; path = SwiftDataTCAApp.swift; sourceTree = "<group>"; };
		23A64E8F2ACC5313005B6344 /* Assets.xcassets */ = {isa = PBXFileReference; lastKnownFileType = folder.assetcatalog; path = Assets.xcassets; sourceTree = "<group>"; };
		23A64E912ACC5313005B6344 /* SwiftDataTCA.entitlements */ = {isa = PBXFileReference; lastKnownFileType = text.plist.entitlements; path = SwiftDataTCA.entitlements; sourceTree = "<group>"; };
		23A64E932ACC5313005B6344 /* Preview Assets.xcassets */ = {isa = PBXFileReference; lastKnownFileType = folder.assetcatalog; path = "Preview Assets.xcassets"; sourceTree = "<group>"; };
		23A64E952ACC5313005B6344 /* Info.plist */ = {isa = PBXFileReference; lastKnownFileType = text.plist.xml; path = Info.plist; sourceTree = "<group>"; };
		23A64E9E2ACC5E16005B6344 /* FromStateView.swift */ = {isa = PBXFileReference; lastKnownFileType = sourcecode.swift; path = FromStateView.swift; sourceTree = "<group>"; };
		23A64EA62ACF5812005B6344 /* Database.swift */ = {isa = PBXFileReference; lastKnownFileType = sourcecode.swift; path = Database.swift; sourceTree = "<group>"; };
		23A64EA82ACF5855005B6344 /* ModelContextProvider.swift */ = {isa = PBXFileReference; lastKnownFileType = sourcecode.swift; path = ModelContextProvider.swift; sourceTree = "<group>"; };
		23A64EAC2AD1AB46005B6344 /* MigrationPlan.swift */ = {isa = PBXFileReference; lastKnownFileType = sourcecode.swift; path = MigrationPlan.swift; sourceTree = "<group>"; };
		80180C412AFBECC900ADAB03 /* FromQueryView.swift */ = {isa = PBXFileReference; lastKnownFileType = sourcecode.swift; path = FromQueryView.swift; sourceTree = "<group>"; };
		BD0DC1DC2C41779D00821D09 /* SwiftDataTCAXCTests.xctest */ = {isa = PBXFileReference; explicitFileType = wrapper.cfbundle; includeInIndex = 0; path = SwiftDataTCAXCTests.xctest; sourceTree = BUILT_PRODUCTS_DIR; };
		BD0DC1DE2C41779D00821D09 /* FromStateFeatureTests.swift */ = {isa = PBXFileReference; lastKnownFileType = sourcecode.swift; path = FromStateFeatureTests.swift; sourceTree = "<group>"; };
		BD13EDFA2C7B98AA000F68B4 /* RootFeature.swift */ = {isa = PBXFileReference; lastKnownFileType = sourcecode.swift; path = RootFeature.swift; sourceTree = "<group>"; };
		BD13EDFB2C7B98AA000F68B4 /* RootFeatureView.swift */ = {isa = PBXFileReference; lastKnownFileType = sourcecode.swift; path = RootFeatureView.swift; sourceTree = "<group>"; };
		BD1676AA2C98CF13004AA2D2 /* AnimationTests.swift */ = {isa = PBXFileReference; fileEncoding = 4; lastKnownFileType = sourcecode.swift; path = AnimationTests.swift; sourceTree = "<group>"; };
		BD1676B12C98DC64004AA2D2 /* SwiftDataTCAUITests.xctest */ = {isa = PBXFileReference; explicitFileType = wrapper.cfbundle; includeInIndex = 0; path = SwiftDataTCAUITests.xctest; sourceTree = BUILT_PRODUCTS_DIR; };
		BD1676B32C98DC64004AA2D2 /* FromQueryUITests.swift */ = {isa = PBXFileReference; lastKnownFileType = sourcecode.swift; path = FromQueryUITests.swift; sourceTree = "<group>"; };
		BD1676B52C98DC65004AA2D2 /* SwiftDataTCAUITestsLaunchTests.swift */ = {isa = PBXFileReference; lastKnownFileType = sourcecode.swift; path = SwiftDataTCAUITestsLaunchTests.swift; sourceTree = "<group>"; };
		BD20DFEF2CA021E30071D66C /* TestingSupport.swift */ = {isa = PBXFileReference; lastKnownFileType = sourcecode.swift; path = TestingSupport.swift; sourceTree = "<group>"; };
		BD21828D2C4D406D00FCB16E /* XCTest+Extensions.swift */ = {isa = PBXFileReference; lastKnownFileType = sourcecode.swift; path = "XCTest+Extensions.swift"; sourceTree = "<group>"; };
		BD21828F2C4D433600FCB16E /* FromQueryFeatureTests.swift */ = {isa = PBXFileReference; lastKnownFileType = sourcecode.swift; path = FromQueryFeatureTests.swift; sourceTree = "<group>"; };
		BD2182952C4D8DAD00FCB16E /* ModelContextProviderTests.swift */ = {isa = PBXFileReference; lastKnownFileType = sourcecode.swift; path = ModelContextProviderTests.swift; sourceTree = "<group>"; };
		BD2265142C3E763F00A975E8 /* SchemaV1.swift */ = {isa = PBXFileReference; fileEncoding = 4; lastKnownFileType = sourcecode.swift; path = SchemaV1.swift; sourceTree = "<group>"; };
		BD2265162C3E764F00A975E8 /* SchemaV2.swift */ = {isa = PBXFileReference; fileEncoding = 4; lastKnownFileType = sourcecode.swift; path = SchemaV2.swift; sourceTree = "<group>"; };
		BD2265182C3EBF5E00A975E8 /* FromStateFeature.swift */ = {isa = PBXFileReference; lastKnownFileType = sourcecode.swift; path = FromStateFeature.swift; sourceTree = "<group>"; };
		BD22651C2C3FC42E00A975E8 /* FromQueryFeature.swift */ = {isa = PBXFileReference; fileEncoding = 4; lastKnownFileType = sourcecode.swift; path = FromQueryFeature.swift; sourceTree = "<group>"; };
		BD3A168C2C48F53E0089082D /* SchemaV5.swift */ = {isa = PBXFileReference; fileEncoding = 4; lastKnownFileType = sourcecode.swift; path = SchemaV5.swift; sourceTree = "<group>"; };
		BD3A168E2C48FAAB0089082D /* StageV3.swift */ = {isa = PBXFileReference; lastKnownFileType = sourcecode.swift; path = StageV3.swift; sourceTree = "<group>"; };
		BD3A16902C48FB330089082D /* StageV4.swift */ = {isa = PBXFileReference; lastKnownFileType = sourcecode.swift; path = StageV4.swift; sourceTree = "<group>"; };
		BD3A16932C48FC130089082D /* StageV5.swift */ = {isa = PBXFileReference; lastKnownFileType = sourcecode.swift; path = StageV5.swift; sourceTree = "<group>"; };
		BD3A16952C4905EE0089082D /* Support.swift */ = {isa = PBXFileReference; lastKnownFileType = sourcecode.swift; path = Support.swift; sourceTree = "<group>"; };
		BD3A16972C490AA60089082D /* SchemaV5Tests.swift */ = {isa = PBXFileReference; fileEncoding = 4; lastKnownFileType = sourcecode.swift; path = SchemaV5Tests.swift; sourceTree = "<group>"; };
		BD3C7FEA2C46548200C68195 /* SchemaV4Tests.swift */ = {isa = PBXFileReference; fileEncoding = 4; lastKnownFileType = sourcecode.swift; path = SchemaV4Tests.swift; sourceTree = "<group>"; };
		BD3C7FEC2C4654F800C68195 /* SchemaV2Tests.swift */ = {isa = PBXFileReference; fileEncoding = 4; lastKnownFileType = sourcecode.swift; path = SchemaV2Tests.swift; sourceTree = "<group>"; };
		BD3C7FF02C4686FA00C68195 /* MovieActorsFeature.swift */ = {isa = PBXFileReference; lastKnownFileType = sourcecode.swift; path = MovieActorsFeature.swift; sourceTree = "<group>"; };
		BD7324E82C8799BE0026E1BE /* Animations.swift */ = {isa = PBXFileReference; lastKnownFileType = sourcecode.swift; path = Animations.swift; sourceTree = "<group>"; };
		BD7324E92C8799BE0026E1BE /* Confetti.swift */ = {isa = PBXFileReference; lastKnownFileType = sourcecode.swift; path = Confetti.swift; sourceTree = "<group>"; };
		BD7324EA2C8799BE0026E1BE /* FadeIn.swift */ = {isa = PBXFileReference; lastKnownFileType = sourcecode.swift; path = FadeIn.swift; sourceTree = "<group>"; };
		BD7324EB2C8799BE0026E1BE /* Flash.swift */ = {isa = PBXFileReference; lastKnownFileType = sourcecode.swift; path = Flash.swift; sourceTree = "<group>"; };
		BD7324EC2C8799BE0026E1BE /* Utils.swift */ = {isa = PBXFileReference; lastKnownFileType = sourcecode.swift; path = Utils.swift; sourceTree = "<group>"; };
		BD7338022C407584001D0E04 /* MockData.swift */ = {isa = PBXFileReference; lastKnownFileType = sourcecode.swift; path = MockData.swift; sourceTree = "<group>"; };
		BD7338042C408769001D0E04 /* SchemaV3.swift */ = {isa = PBXFileReference; fileEncoding = 4; lastKnownFileType = sourcecode.swift; path = SchemaV3.swift; sourceTree = "<group>"; };
		BD73380A2C4118CA001D0E04 /* SwiftDataTCATests.xctest */ = {isa = PBXFileReference; explicitFileType = wrapper.cfbundle; includeInIndex = 0; path = SwiftDataTCATests.xctest; sourceTree = BUILT_PRODUCTS_DIR; };
		BD73380C2C4118CA001D0E04 /* SchemaV3Tests.swift */ = {isa = PBXFileReference; lastKnownFileType = sourcecode.swift; path = SchemaV3Tests.swift; sourceTree = "<group>"; };
		BD7338152C4158A0001D0E04 /* CONTRIBUTING.md */ = {isa = PBXFileReference; lastKnownFileType = net.daringfireball.markdown; path = CONTRIBUTING.md; sourceTree = "<group>"; };
		BD7338162C4158A0001D0E04 /* LICENSE.MD */ = {isa = PBXFileReference; lastKnownFileType = net.daringfireball.markdown; path = LICENSE.MD; sourceTree = "<group>"; };
		BD7338172C4158A0001D0E04 /* README.md */ = {isa = PBXFileReference; lastKnownFileType = net.daringfireball.markdown; path = README.md; sourceTree = "<group>"; };
		BD81CD0F2C71EEFA0095164F /* SchemaV6.swift */ = {isa = PBXFileReference; fileEncoding = 4; lastKnownFileType = sourcecode.swift; path = SchemaV6.swift; sourceTree = "<group>"; };
		BD81CD112C71F0200095164F /* StageV6.swift */ = {isa = PBXFileReference; fileEncoding = 4; lastKnownFileType = sourcecode.swift; path = StageV6.swift; sourceTree = "<group>"; };
		BD81CD132C71F28D0095164F /* SchemaV6Tests.swift */ = {isa = PBXFileReference; fileEncoding = 4; lastKnownFileType = sourcecode.swift; path = SchemaV6Tests.swift; sourceTree = "<group>"; };
		BD81CD152C71F5180095164F /* SchemaV6Tests.swift */ = {isa = PBXFileReference; fileEncoding = 4; lastKnownFileType = sourcecode.swift; path = SchemaV6Tests.swift; sourceTree = "<group>"; };
		BD8F4DAF2C4689A4004ACF0B /* MovieActorsView.swift */ = {isa = PBXFileReference; lastKnownFileType = sourcecode.swift; path = MovieActorsView.swift; sourceTree = "<group>"; };
		BD8F4DB22C46C7E7004ACF0B /* ActorMoviesFeature.swift */ = {isa = PBXFileReference; lastKnownFileType = sourcecode.swift; path = ActorMoviesFeature.swift; sourceTree = "<group>"; };
		BD8F4DB42C46C7F9004ACF0B /* ActorMoviesView.swift */ = {isa = PBXFileReference; lastKnownFileType = sourcecode.swift; path = ActorMoviesView.swift; sourceTree = "<group>"; };
		BDA182032C4CFD43001ACC6F /* SchemaV2Tests.swift */ = {isa = PBXFileReference; lastKnownFileType = sourcecode.swift; path = SchemaV2Tests.swift; sourceTree = "<group>"; };
		BDA182052C4CFE15001ACC6F /* SchemaV3Tests.swift */ = {isa = PBXFileReference; fileEncoding = 4; lastKnownFileType = sourcecode.swift; path = SchemaV3Tests.swift; sourceTree = "<group>"; };
		BDA182072C4D0003001ACC6F /* SchemaV4Tests.swift */ = {isa = PBXFileReference; fileEncoding = 4; lastKnownFileType = sourcecode.swift; path = SchemaV4Tests.swift; sourceTree = "<group>"; };
		BDA182092C4D00FD001ACC6F /* SchemaV5Tests.swift */ = {isa = PBXFileReference; fileEncoding = 4; lastKnownFileType = sourcecode.swift; path = SchemaV5Tests.swift; sourceTree = "<group>"; };
		BDA1820B2C4D0878001ACC6F /* ActorMoviesFeatureTests.swift */ = {isa = PBXFileReference; fileEncoding = 4; lastKnownFileType = sourcecode.swift; path = ActorMoviesFeatureTests.swift; sourceTree = "<group>"; };
		BDA1820D2C4D0FB4001ACC6F /* MovieActorsFeatureTests.swift */ = {isa = PBXFileReference; fileEncoding = 4; lastKnownFileType = sourcecode.swift; path = MovieActorsFeatureTests.swift; sourceTree = "<group>"; };
		BDA64E152C4A3E0F00B04E3A /* SwiftDataTCA.xctestplan */ = {isa = PBXFileReference; lastKnownFileType = text; path = SwiftDataTCA.xctestplan; sourceTree = "<group>"; };
		BDCDE1C92C4518E2007E5A91 /* SchemaV4.swift */ = {isa = PBXFileReference; fileEncoding = 4; lastKnownFileType = sourcecode.swift; path = SchemaV4.swift; sourceTree = "<group>"; };
		BDD57C232C9D82BC0082178E /* FromStateUITests.swift */ = {isa = PBXFileReference; fileEncoding = 4; lastKnownFileType = sourcecode.swift; path = FromStateUITests.swift; sourceTree = "<group>"; };
		BDD57C252C9D8D2C0082178E /* DatabaseTests.swift */ = {isa = PBXFileReference; fileEncoding = 4; lastKnownFileType = sourcecode.swift; path = DatabaseTests.swift; sourceTree = "<group>"; };
		BDD57C272C9D981E0082178E /* XCUIElement+Extensions.swift */ = {isa = PBXFileReference; lastKnownFileType = sourcecode.swift; path = "XCUIElement+Extensions.swift"; sourceTree = "<group>"; };
		BDD57C292C9D9E210082178E /* SchemaV1Tests.swift */ = {isa = PBXFileReference; fileEncoding = 4; lastKnownFileType = sourcecode.swift; path = SchemaV1Tests.swift; sourceTree = "<group>"; };
		BDD57C2B2C9DAB370082178E /* ViewLinkType.swift */ = {isa = PBXFileReference; fileEncoding = 4; lastKnownFileType = sourcecode.swift; path = ViewLinkType.swift; sourceTree = "<group>"; };
		BDF299C42C4A69AC00D7EB85 /* Debug.xcconfig */ = {isa = PBXFileReference; lastKnownFileType = text.xcconfig; path = Debug.xcconfig; sourceTree = "<group>"; };
		BDF299C82C4A6A2A00D7EB85 /* Release.xcconfig */ = {isa = PBXFileReference; lastKnownFileType = text.xcconfig; path = Release.xcconfig; sourceTree = "<group>"; };
/* End PBXFileReference section */

/* Begin PBXFrameworksBuildPhase section */
		23A64E832ACC5312005B6344 /* Frameworks */ = {
			isa = PBXFrameworksBuildPhase;
			buildActionMask = 2147483647;
			files = (
				23A64E9D2ACC5DFE005B6344 /* ComposableArchitecture in Frameworks */,
				BDF59DD02CA1E18E00DC7D00 /* IdentifiedCollections in Frameworks */,
			);
			runOnlyForDeploymentPostprocessing = 0;
		};
		BD0DC1D92C41779D00821D09 /* Frameworks */ = {
			isa = PBXFrameworksBuildPhase;
			buildActionMask = 2147483647;
			files = (
				BD21828A2C4D35DA00FCB16E /* SnapshotTesting in Frameworks */,
			);
			runOnlyForDeploymentPostprocessing = 0;
		};
		BD1676AE2C98DC64004AA2D2 /* Frameworks */ = {
			isa = PBXFrameworksBuildPhase;
			buildActionMask = 2147483647;
			files = (
			);
			runOnlyForDeploymentPostprocessing = 0;
		};
		BD7338072C4118CA001D0E04 /* Frameworks */ = {
			isa = PBXFrameworksBuildPhase;
			buildActionMask = 2147483647;
			files = (
			);
			runOnlyForDeploymentPostprocessing = 0;
		};
/* End PBXFrameworksBuildPhase section */

/* Begin PBXGroup section */
		23A64E7D2ACC5312005B6344 = {
			isa = PBXGroup;
			children = (
				BD7338172C4158A0001D0E04 /* README.md */,
				BD7338162C4158A0001D0E04 /* LICENSE.MD */,
				BD7338152C4158A0001D0E04 /* CONTRIBUTING.md */,
				BDE3C3052C53DF88007C3AB8 /* Configs */,
				BDA64E152C4A3E0F00B04E3A /* SwiftDataTCA.xctestplan */,
				23A64E882ACC5312005B6344 /* SwiftDataTCA */,
				BD73380B2C4118CA001D0E04 /* SwiftDataTCATests */,
				BD0DC1DD2C41779D00821D09 /* SwiftDataTCAXCTests */,
				BD1676B22C98DC64004AA2D2 /* SwiftDataTCAUITests */,
				23A64E872ACC5312005B6344 /* Products */,
				BD13FE5C2C49395400606C7D /* Frameworks */,
			);
			sourceTree = "<group>";
		};
		23A64E872ACC5312005B6344 /* Products */ = {
			isa = PBXGroup;
			children = (
				23A64E862ACC5312005B6344 /* SwiftDataTCA.app */,
				BD73380A2C4118CA001D0E04 /* SwiftDataTCATests.xctest */,
				BD0DC1DC2C41779D00821D09 /* SwiftDataTCAXCTests.xctest */,
				BD1676B12C98DC64004AA2D2 /* SwiftDataTCAUITests.xctest */,
			);
			name = Products;
			sourceTree = "<group>";
		};
		23A64E882ACC5312005B6344 /* SwiftDataTCA */ = {
			isa = PBXGroup;
			children = (
				23A64E892ACC5312005B6344 /* SwiftDataTCAApp.swift */,
				23A64EAA2AD0CCE4005B6344 /* Views */,
				23A64EAB2AD1AB36005B6344 /* Models */,
				23A64EA52ACF5803005B6344 /* Services */,
				23A64E8F2ACC5313005B6344 /* Assets.xcassets */,
				23A64E912ACC5313005B6344 /* SwiftDataTCA.entitlements */,
				23A64E952ACC5313005B6344 /* Info.plist */,
				23A64E922ACC5313005B6344 /* Preview Content */,
			);
			path = SwiftDataTCA;
			sourceTree = "<group>";
		};
		23A64E922ACC5313005B6344 /* Preview Content */ = {
			isa = PBXGroup;
			children = (
				23A64E932ACC5313005B6344 /* Preview Assets.xcassets */,
			);
			path = "Preview Content";
			sourceTree = "<group>";
		};
		23A64EA52ACF5803005B6344 /* Services */ = {
			isa = PBXGroup;
			children = (
				23A64EA62ACF5812005B6344 /* Database.swift */,
				23A64EA82ACF5855005B6344 /* ModelContextProvider.swift */,
				BDD57C2B2C9DAB370082178E /* ViewLinkType.swift */,
			);
			path = Services;
			sourceTree = "<group>";
		};
		23A64EAA2AD0CCE4005B6344 /* Views */ = {
			isa = PBXGroup;
			children = (
				BD13EDFC2C7B98AA000F68B4 /* RootFeature */,
				BD8F4DB12C46C7D4004ACF0B /* ActorMoviesFeature */,
				BD3C7FF12C4688CC00C68195 /* MovieActorsFeature */,
				BD22651A2C3FC31700A975E8 /* FromState */,
				BD22651B2C3FC34A00A975E8 /* FromQuery */,
				BD7324ED2C8799BE0026E1BE /* Animations */,
				BD7324EC2C8799BE0026E1BE /* Utils.swift */,
			);
			path = Views;
			sourceTree = "<group>";
		};
		23A64EAB2AD1AB36005B6344 /* Models */ = {
			isa = PBXGroup;
			children = (
				BD3A16922C48FBCF0089082D /* Migrations */,
				BD2265142C3E763F00A975E8 /* SchemaV1.swift */,
				BD2265162C3E764F00A975E8 /* SchemaV2.swift */,
				BD7338042C408769001D0E04 /* SchemaV3.swift */,
				BDCDE1C92C4518E2007E5A91 /* SchemaV4.swift */,
				BD3A168C2C48F53E0089082D /* SchemaV5.swift */,
				BD81CD0F2C71EEFA0095164F /* SchemaV6.swift */,
				BD3A16952C4905EE0089082D /* Support.swift */,
				BD7338022C407584001D0E04 /* MockData.swift */,
			);
			path = Models;
			sourceTree = "<group>";
		};
		BD0DC1DD2C41779D00821D09 /* SwiftDataTCAXCTests */ = {
			isa = PBXGroup;
			children = (
				BDA1820B2C4D0878001ACC6F /* ActorMoviesFeatureTests.swift */,
				BD1676AA2C98CF13004AA2D2 /* AnimationTests.swift */,
				BDA1820D2C4D0FB4001ACC6F /* MovieActorsFeatureTests.swift */,
				BD21828F2C4D433600FCB16E /* FromQueryFeatureTests.swift */,
				BD0DC1DE2C41779D00821D09 /* FromStateFeatureTests.swift */,
				BD2182952C4D8DAD00FCB16E /* ModelContextProviderTests.swift */,
				BDA182032C4CFD43001ACC6F /* SchemaV2Tests.swift */,
				BDA182052C4CFE15001ACC6F /* SchemaV3Tests.swift */,
				BDA182072C4D0003001ACC6F /* SchemaV4Tests.swift */,
				BDA182092C4D00FD001ACC6F /* SchemaV5Tests.swift */,
				BD81CD152C71F5180095164F /* SchemaV6Tests.swift */,
				BD21828D2C4D406D00FCB16E /* XCTest+Extensions.swift */,
			);
			path = SwiftDataTCAXCTests;
			sourceTree = "<group>";
		};
		BD13EDFC2C7B98AA000F68B4 /* RootFeature */ = {
			isa = PBXGroup;
			children = (
				BD13EDFA2C7B98AA000F68B4 /* RootFeature.swift */,
				BD13EDFB2C7B98AA000F68B4 /* RootFeatureView.swift */,
			);
			path = RootFeature;
			sourceTree = "<group>";
		};
		BD13FE5C2C49395400606C7D /* Frameworks */ = {
			isa = PBXGroup;
			children = (
			);
			name = Frameworks;
			sourceTree = "<group>";
		};
		BD1676B22C98DC64004AA2D2 /* SwiftDataTCAUITests */ = {
			isa = PBXGroup;
			children = (
				BD1676B32C98DC64004AA2D2 /* FromQueryUITests.swift */,
				BDD57C232C9D82BC0082178E /* FromStateUITests.swift */,
				BD1676B52C98DC65004AA2D2 /* SwiftDataTCAUITestsLaunchTests.swift */,
				BDD57C272C9D981E0082178E /* XCUIElement+Extensions.swift */,
			);
			path = SwiftDataTCAUITests;
			sourceTree = "<group>";
		};
		BD22651A2C3FC31700A975E8 /* FromState */ = {
			isa = PBXGroup;
			children = (
				BD2265182C3EBF5E00A975E8 /* FromStateFeature.swift */,
				23A64E9E2ACC5E16005B6344 /* FromStateView.swift */,
			);
			path = FromState;
			sourceTree = "<group>";
		};
		BD22651B2C3FC34A00A975E8 /* FromQuery */ = {
			isa = PBXGroup;
			children = (
				BD22651C2C3FC42E00A975E8 /* FromQueryFeature.swift */,
				80180C412AFBECC900ADAB03 /* FromQueryView.swift */,
			);
			path = FromQuery;
			sourceTree = "<group>";
		};
		BD3A16922C48FBCF0089082D /* Migrations */ = {
			isa = PBXGroup;
			children = (
				23A64EAC2AD1AB46005B6344 /* MigrationPlan.swift */,
				BD3A168E2C48FAAB0089082D /* StageV3.swift */,
				BD3A16902C48FB330089082D /* StageV4.swift */,
				BD3A16932C48FC130089082D /* StageV5.swift */,
				BD81CD112C71F0200095164F /* StageV6.swift */,
			);
			path = Migrations;
			sourceTree = "<group>";
		};
		BD3C7FF12C4688CC00C68195 /* MovieActorsFeature */ = {
			isa = PBXGroup;
			children = (
				BD3C7FF02C4686FA00C68195 /* MovieActorsFeature.swift */,
				BD8F4DAF2C4689A4004ACF0B /* MovieActorsView.swift */,
			);
			path = MovieActorsFeature;
			sourceTree = "<group>";
		};
		BD7324ED2C8799BE0026E1BE /* Animations */ = {
			isa = PBXGroup;
			children = (
				BD7324E82C8799BE0026E1BE /* Animations.swift */,
				BD7324E92C8799BE0026E1BE /* Confetti.swift */,
				BD7324EA2C8799BE0026E1BE /* FadeIn.swift */,
				BD7324EB2C8799BE0026E1BE /* Flash.swift */,
			);
			path = Animations;
			sourceTree = "<group>";
		};
		BD73380B2C4118CA001D0E04 /* SwiftDataTCATests */ = {
			isa = PBXGroup;
			children = (
				BDD57C292C9D9E210082178E /* SchemaV1Tests.swift */,
				BD3C7FEC2C4654F800C68195 /* SchemaV2Tests.swift */,
				BD73380C2C4118CA001D0E04 /* SchemaV3Tests.swift */,
				BD3C7FEA2C46548200C68195 /* SchemaV4Tests.swift */,
				BD3A16972C490AA60089082D /* SchemaV5Tests.swift */,
				BD81CD132C71F28D0095164F /* SchemaV6Tests.swift */,
				BDD57C252C9D8D2C0082178E /* DatabaseTests.swift */,
				BD20DFEF2CA021E30071D66C /* TestingSupport.swift */,
			);
			path = SwiftDataTCATests;
			sourceTree = "<group>";
		};
		BD8F4DB12C46C7D4004ACF0B /* ActorMoviesFeature */ = {
			isa = PBXGroup;
			children = (
				BD8F4DB22C46C7E7004ACF0B /* ActorMoviesFeature.swift */,
				BD8F4DB42C46C7F9004ACF0B /* ActorMoviesView.swift */,
			);
			path = ActorMoviesFeature;
			sourceTree = "<group>";
		};
		BDE3C3052C53DF88007C3AB8 /* Configs */ = {
			isa = PBXGroup;
			children = (
				BDF299C42C4A69AC00D7EB85 /* Debug.xcconfig */,
				BDF299C82C4A6A2A00D7EB85 /* Release.xcconfig */,
			);
			path = Configs;
			sourceTree = "<group>";
		};
/* End PBXGroup section */

/* Begin PBXNativeTarget section */
		23A64E852ACC5312005B6344 /* SwiftDataTCA */ = {
			isa = PBXNativeTarget;
			buildConfigurationList = 23A64E982ACC5313005B6344 /* Build configuration list for PBXNativeTarget "SwiftDataTCA" */;
			buildPhases = (
				23A64E822ACC5312005B6344 /* Sources */,
				23A64E832ACC5312005B6344 /* Frameworks */,
				23A64E842ACC5312005B6344 /* Resources */,
			);
			buildRules = (
			);
			dependencies = (
				BD0DC1E72C43A83400821D09 /* PBXTargetDependency */,
			);
			name = SwiftDataTCA;
			packageProductDependencies = (
				23A64E9C2ACC5DFE005B6344 /* ComposableArchitecture */,
				BDF59DCF2CA1E18E00DC7D00 /* IdentifiedCollections */,
			);
			productName = SwiftDataTCA;
			productReference = 23A64E862ACC5312005B6344 /* SwiftDataTCA.app */;
			productType = "com.apple.product-type.application";
		};
		BD0DC1DB2C41779D00821D09 /* SwiftDataTCAXCTests */ = {
			isa = PBXNativeTarget;
			buildConfigurationList = BD0DC1E42C41779D00821D09 /* Build configuration list for PBXNativeTarget "SwiftDataTCAXCTests" */;
			buildPhases = (
				BD0DC1D82C41779D00821D09 /* Sources */,
				BD0DC1D92C41779D00821D09 /* Frameworks */,
				BD0DC1DA2C41779D00821D09 /* Resources */,
			);
			buildRules = (
			);
			dependencies = (
				BD0DC1E12C41779D00821D09 /* PBXTargetDependency */,
			);
			name = SwiftDataTCAXCTests;
			packageProductDependencies = (
				BD2182892C4D35DA00FCB16E /* SnapshotTesting */,
			);
			productName = SwiftDataTCAXCTests;
			productReference = BD0DC1DC2C41779D00821D09 /* SwiftDataTCAXCTests.xctest */;
			productType = "com.apple.product-type.bundle.unit-test";
		};
		BD1676B02C98DC64004AA2D2 /* SwiftDataTCAUITests */ = {
			isa = PBXNativeTarget;
			buildConfigurationList = BD1676B92C98DC65004AA2D2 /* Build configuration list for PBXNativeTarget "SwiftDataTCAUITests" */;
			buildPhases = (
				BD1676AD2C98DC64004AA2D2 /* Sources */,
				BD1676AE2C98DC64004AA2D2 /* Frameworks */,
				BD1676AF2C98DC64004AA2D2 /* Resources */,
			);
			buildRules = (
			);
			dependencies = (
				BD1676B82C98DC65004AA2D2 /* PBXTargetDependency */,
			);
			name = SwiftDataTCAUITests;
			productName = SwiftDataTCAUITests;
			productReference = BD1676B12C98DC64004AA2D2 /* SwiftDataTCAUITests.xctest */;
			productType = "com.apple.product-type.bundle.ui-testing";
		};
		BD7338092C4118CA001D0E04 /* SwiftDataTCATests */ = {
			isa = PBXNativeTarget;
			buildConfigurationList = BD7338102C4118CA001D0E04 /* Build configuration list for PBXNativeTarget "SwiftDataTCATests" */;
			buildPhases = (
				BD7338062C4118CA001D0E04 /* Sources */,
				BD7338072C4118CA001D0E04 /* Frameworks */,
				BD7338082C4118CA001D0E04 /* Resources */,
			);
			buildRules = (
			);
			dependencies = (
				BD73380F2C4118CA001D0E04 /* PBXTargetDependency */,
			);
			name = SwiftDataTCATests;
			packageProductDependencies = (
			);
			productName = SwiftDataTCATests;
			productReference = BD73380A2C4118CA001D0E04 /* SwiftDataTCATests.xctest */;
			productType = "com.apple.product-type.bundle.unit-test";
		};
/* End PBXNativeTarget section */

/* Begin PBXProject section */
		23A64E7E2ACC5312005B6344 /* Project object */ = {
			isa = PBXProject;
			attributes = {
				BuildIndependentTargetsInParallel = 1;
				LastSwiftUpdateCheck = 1540;
				LastUpgradeCheck = 2610;
				TargetAttributes = {
					23A64E852ACC5312005B6344 = {
						CreatedOnToolsVersion = 15.0;
					};
					BD0DC1DB2C41779D00821D09 = {
						CreatedOnToolsVersion = 16.0;
						TestTargetID = 23A64E852ACC5312005B6344;
					};
					BD1676B02C98DC64004AA2D2 = {
						CreatedOnToolsVersion = 15.4;
						TestTargetID = 23A64E852ACC5312005B6344;
					};
					BD7338092C4118CA001D0E04 = {
						CreatedOnToolsVersion = 16.0;
						TestTargetID = 23A64E852ACC5312005B6344;
					};
				};
			};
			buildConfigurationList = 23A64E812ACC5312005B6344 /* Build configuration list for PBXProject "SwiftDataTCA" */;
			compatibilityVersion = "Xcode 14.0";
			developmentRegion = en;
			hasScannedForEncodings = 0;
			knownRegions = (
				en,
				Base,
			);
			mainGroup = 23A64E7D2ACC5312005B6344;
			packageReferences = (
				23A64E9B2ACC5DFE005B6344 /* XCRemoteSwiftPackageReference "swift-composable-architecture" */,
				BD2182882C4D357700FCB16E /* XCRemoteSwiftPackageReference "swift-snapshot-testing" */,
				BD1DE7C72C9635F100F3E85F /* XCRemoteSwiftPackageReference "SwiftLintPlugins" */,
				BDF59DCE2CA1E18E00DC7D00 /* XCRemoteSwiftPackageReference "swift-identified-collections" */,
			);
			productRefGroup = 23A64E872ACC5312005B6344 /* Products */;
			projectDirPath = "";
			projectRoot = "";
			targets = (
				23A64E852ACC5312005B6344 /* SwiftDataTCA */,
				BD7338092C4118CA001D0E04 /* SwiftDataTCATests */,
				BD0DC1DB2C41779D00821D09 /* SwiftDataTCAXCTests */,
				BD1676B02C98DC64004AA2D2 /* SwiftDataTCAUITests */,
			);
		};
/* End PBXProject section */

/* Begin PBXResourcesBuildPhase section */
		23A64E842ACC5312005B6344 /* Resources */ = {
			isa = PBXResourcesBuildPhase;
			buildActionMask = 2147483647;
			files = (
				23A64E942ACC5313005B6344 /* Preview Assets.xcassets in Resources */,
				23A64E902ACC5313005B6344 /* Assets.xcassets in Resources */,
			);
			runOnlyForDeploymentPostprocessing = 0;
		};
		BD0DC1DA2C41779D00821D09 /* Resources */ = {
			isa = PBXResourcesBuildPhase;
			buildActionMask = 2147483647;
			files = (
			);
			runOnlyForDeploymentPostprocessing = 0;
		};
		BD1676AF2C98DC64004AA2D2 /* Resources */ = {
			isa = PBXResourcesBuildPhase;
			buildActionMask = 2147483647;
			files = (
			);
			runOnlyForDeploymentPostprocessing = 0;
		};
		BD7338082C4118CA001D0E04 /* Resources */ = {
			isa = PBXResourcesBuildPhase;
			buildActionMask = 2147483647;
			files = (
			);
			runOnlyForDeploymentPostprocessing = 0;
		};
/* End PBXResourcesBuildPhase section */

/* Begin PBXSourcesBuildPhase section */
		23A64E822ACC5312005B6344 /* Sources */ = {
			isa = PBXSourcesBuildPhase;
			buildActionMask = 2147483647;
			files = (
				23A64EA72ACF5812005B6344 /* Database.swift in Sources */,
				80180C422AFBECC900ADAB03 /* FromQueryView.swift in Sources */,
				BD3A16912C48FB400089082D /* StageV4.swift in Sources */,
				23A64E9F2ACC5E16005B6344 /* FromStateView.swift in Sources */,
				BD3A168F2C48FAB50089082D /* StageV3.swift in Sources */,
				BD2265152C3E763F00A975E8 /* SchemaV1.swift in Sources */,
				BD8F4DAE2C4688FC004ACF0B /* MovieActorsFeature.swift in Sources */,
				BD7338052C408769001D0E04 /* SchemaV3.swift in Sources */,
				23A64EAD2AD1AB46005B6344 /* MigrationPlan.swift in Sources */,
				BD13EDFD2C7B98AA000F68B4 /* RootFeatureView.swift in Sources */,
				BD13EDFE2C7B98AA000F68B4 /* RootFeature.swift in Sources */,
				BD3A16962C4905F40089082D /* Support.swift in Sources */,
				23A64EA92ACF5855005B6344 /* ModelContextProvider.swift in Sources */,
				23A64E8A2ACC5312005B6344 /* SwiftDataTCAApp.swift in Sources */,
				BD2265172C3E764F00A975E8 /* SchemaV2.swift in Sources */,
				BD7324EE2C8799BE0026E1BE /* Animations.swift in Sources */,
				BD7324EF2C8799BE0026E1BE /* Confetti.swift in Sources */,
				BD7324F02C8799BE0026E1BE /* FadeIn.swift in Sources */,
				BD7324F22C8799BE0026E1BE /* Utils.swift in Sources */,
				BD3A168D2C48F53E0089082D /* SchemaV5.swift in Sources */,
				BD8F4DB52C46C7F9004ACF0B /* ActorMoviesView.swift in Sources */,
				BD3A16942C48FC130089082D /* StageV5.swift in Sources */,
				BDCDE1CA2C4518E2007E5A91 /* SchemaV4.swift in Sources */,
				BD2265192C3EBF6500A975E8 /* FromStateFeature.swift in Sources */,
				BDD57C2C2C9DAB370082178E /* ViewLinkType.swift in Sources */,
				BD81CD122C71F0200095164F /* StageV6.swift in Sources */,
				BD7338032C40758A001D0E04 /* MockData.swift in Sources */,
				BD8F4DB32C46C7E7004ACF0B /* ActorMoviesFeature.swift in Sources */,
				BD8F4DB02C4689A4004ACF0B /* MovieActorsView.swift in Sources */,
				BD1676AC2C98D006004AA2D2 /* Flash.swift in Sources */,
				BD81CD102C71EEFA0095164F /* SchemaV6.swift in Sources */,
				BD22651D2C3FC42E00A975E8 /* FromQueryFeature.swift in Sources */,
			);
			runOnlyForDeploymentPostprocessing = 0;
		};
		BD0DC1D82C41779D00821D09 /* Sources */ = {
			isa = PBXSourcesBuildPhase;
			buildActionMask = 2147483647;
			files = (
				BD21828E2C4D406D00FCB16E /* XCTest+Extensions.swift in Sources */,
				BD81CD162C71F5180095164F /* SchemaV6Tests.swift in Sources */,
				BDA1820A2C4D00FD001ACC6F /* SchemaV5Tests.swift in Sources */,
				BDA1820E2C4D0FB4001ACC6F /* MovieActorsFeatureTests.swift in Sources */,
				BDA182082C4D0003001ACC6F /* SchemaV4Tests.swift in Sources */,
				BDA182062C4CFE15001ACC6F /* SchemaV3Tests.swift in Sources */,
				BD1676AB2C98CF13004AA2D2 /* AnimationTests.swift in Sources */,
				BDA1820C2C4D0878001ACC6F /* ActorMoviesFeatureTests.swift in Sources */,
				BD2182902C4D433600FCB16E /* FromQueryFeatureTests.swift in Sources */,
				BDA182042C4CFD4C001ACC6F /* SchemaV2Tests.swift in Sources */,
				BD2182962C4D8DBA00FCB16E /* ModelContextProviderTests.swift in Sources */,
				BD0DC1DF2C41779D00821D09 /* FromStateFeatureTests.swift in Sources */,
			);
			runOnlyForDeploymentPostprocessing = 0;
		};
		BD1676AD2C98DC64004AA2D2 /* Sources */ = {
			isa = PBXSourcesBuildPhase;
			buildActionMask = 2147483647;
			files = (
				BD1676B42C98DC64004AA2D2 /* FromQueryUITests.swift in Sources */,
				BDD57C282C9D982E0082178E /* XCUIElement+Extensions.swift in Sources */,
				BD1676B62C98DC65004AA2D2 /* SwiftDataTCAUITestsLaunchTests.swift in Sources */,
				BDD57C242C9D82BC0082178E /* FromStateUITests.swift in Sources */,
			);
			runOnlyForDeploymentPostprocessing = 0;
		};
		BD7338062C4118CA001D0E04 /* Sources */ = {
			isa = PBXSourcesBuildPhase;
			buildActionMask = 2147483647;
			files = (
				BDD57C2A2C9D9E210082178E /* SchemaV1Tests.swift in Sources */,
				BDD57C262C9D8D2C0082178E /* DatabaseTests.swift in Sources */,
				BD3C7FEB2C46548200C68195 /* SchemaV4Tests.swift in Sources */,
				BD3A16982C490AA60089082D /* SchemaV5Tests.swift in Sources */,
				BD81CD142C71F28D0095164F /* SchemaV6Tests.swift in Sources */,
				BD3C7FED2C4654F800C68195 /* SchemaV2Tests.swift in Sources */,
				BD73380D2C4118CA001D0E04 /* SchemaV3Tests.swift in Sources */,
				BD20DFF02CA021E30071D66C /* TestingSupport.swift in Sources */,
			);
			runOnlyForDeploymentPostprocessing = 0;
		};
/* End PBXSourcesBuildPhase section */

/* Begin PBXTargetDependency section */
		BD0DC1E12C41779D00821D09 /* PBXTargetDependency */ = {
			isa = PBXTargetDependency;
			target = 23A64E852ACC5312005B6344 /* SwiftDataTCA */;
			targetProxy = BD0DC1E02C41779D00821D09 /* PBXContainerItemProxy */;
		};
		BD0DC1E72C43A83400821D09 /* PBXTargetDependency */ = {
			isa = PBXTargetDependency;
			productRef = BD0DC1E62C43A83400821D09 /* SwiftLintBuildToolPlugin */;
		};
		BD1676B82C98DC65004AA2D2 /* PBXTargetDependency */ = {
			isa = PBXTargetDependency;
			target = 23A64E852ACC5312005B6344 /* SwiftDataTCA */;
			targetProxy = BD1676B72C98DC65004AA2D2 /* PBXContainerItemProxy */;
		};
		BD73380F2C4118CA001D0E04 /* PBXTargetDependency */ = {
			isa = PBXTargetDependency;
			target = 23A64E852ACC5312005B6344 /* SwiftDataTCA */;
			targetProxy = BD73380E2C4118CA001D0E04 /* PBXContainerItemProxy */;
		};
/* End PBXTargetDependency section */

/* Begin XCBuildConfiguration section */
		23A64E962ACC5313005B6344 /* Debug */ = {
			isa = XCBuildConfiguration;
			baseConfigurationReference = BDF299C42C4A69AC00D7EB85 /* Debug.xcconfig */;
			buildSettings = {
				ALWAYS_SEARCH_USER_PATHS = NO;
				ASSETCATALOG_COMPILER_GENERATE_SWIFT_ASSET_SYMBOL_EXTENSIONS = YES;
				CLANG_ANALYZER_NONNULL = YES;
				CLANG_ANALYZER_NUMBER_OBJECT_CONVERSION = YES_AGGRESSIVE;
				CLANG_CXX_LANGUAGE_STANDARD = "gnu++20";
				CLANG_ENABLE_MODULES = YES;
				CLANG_ENABLE_OBJC_ARC = YES;
				CLANG_ENABLE_OBJC_WEAK = YES;
				CLANG_WARN_BLOCK_CAPTURE_AUTORELEASING = YES;
				CLANG_WARN_BOOL_CONVERSION = YES;
				CLANG_WARN_COMMA = YES;
				CLANG_WARN_CONSTANT_CONVERSION = YES;
				CLANG_WARN_DEPRECATED_OBJC_IMPLEMENTATIONS = YES;
				CLANG_WARN_DIRECT_OBJC_ISA_USAGE = YES_ERROR;
				CLANG_WARN_DOCUMENTATION_COMMENTS = YES;
				CLANG_WARN_EMPTY_BODY = YES;
				CLANG_WARN_ENUM_CONVERSION = YES;
				CLANG_WARN_INFINITE_RECURSION = YES;
				CLANG_WARN_INT_CONVERSION = YES;
				CLANG_WARN_NON_LITERAL_NULL_CONVERSION = YES;
				CLANG_WARN_OBJC_IMPLICIT_RETAIN_SELF = YES;
				CLANG_WARN_OBJC_LITERAL_CONVERSION = YES;
				CLANG_WARN_OBJC_ROOT_CLASS = YES_ERROR;
				CLANG_WARN_QUOTED_INCLUDE_IN_FRAMEWORK_HEADER = YES;
				CLANG_WARN_RANGE_LOOP_ANALYSIS = YES;
				CLANG_WARN_STRICT_PROTOTYPES = YES;
				CLANG_WARN_SUSPICIOUS_MOVE = YES;
				CLANG_WARN_UNGUARDED_AVAILABILITY = YES_AGGRESSIVE;
				CLANG_WARN_UNREACHABLE_CODE = YES;
				CLANG_WARN__DUPLICATE_METHOD_MATCH = YES;
				COPY_PHASE_STRIP = NO;
				DEAD_CODE_STRIPPING = YES;
				DEBUG_INFORMATION_FORMAT = dwarf;
				ENABLE_STRICT_OBJC_MSGSEND = YES;
				ENABLE_TESTABILITY = YES;
				ENABLE_USER_SCRIPT_SANDBOXING = YES;
				GCC_C_LANGUAGE_STANDARD = gnu17;
				GCC_DYNAMIC_NO_PIC = NO;
				GCC_NO_COMMON_BLOCKS = YES;
				GCC_OPTIMIZATION_LEVEL = 0;
				GCC_PREPROCESSOR_DEFINITIONS = (
					"DEBUG=1",
					"$(inherited)",
				);
				GCC_WARN_64_TO_32_BIT_CONVERSION = YES;
				GCC_WARN_ABOUT_RETURN_TYPE = YES_ERROR;
				GCC_WARN_UNDECLARED_SELECTOR = YES;
				GCC_WARN_UNINITIALIZED_AUTOS = YES_AGGRESSIVE;
				GCC_WARN_UNUSED_FUNCTION = YES;
				GCC_WARN_UNUSED_VARIABLE = YES;
				LOCALIZATION_PREFERS_STRING_CATALOGS = YES;
				MTL_ENABLE_DEBUG_INFO = INCLUDE_SOURCE;
				MTL_FAST_MATH = YES;
				ONLY_ACTIVE_ARCH = YES;
				STRING_CATALOG_GENERATE_SYMBOLS = YES;
				SWIFT_ACTIVE_COMPILATION_CONDITIONS = "DEBUG $(inherited)";
				"SWIFT_ACTIVE_COMPILATION_CONDITIONS[arch=*]" = PRINT_CHANGES;
				SWIFT_OPTIMIZATION_LEVEL = "-Onone";
				SWIFT_STRICT_CONCURRENCY = complete;
				SWIFT_VERSION = 5.0;
			};
			name = Debug;
		};
		23A64E972ACC5313005B6344 /* Release */ = {
			isa = XCBuildConfiguration;
			baseConfigurationReference = BDF299C82C4A6A2A00D7EB85 /* Release.xcconfig */;
			buildSettings = {
				ALWAYS_SEARCH_USER_PATHS = NO;
				ASSETCATALOG_COMPILER_GENERATE_SWIFT_ASSET_SYMBOL_EXTENSIONS = YES;
				CLANG_ANALYZER_NONNULL = YES;
				CLANG_ANALYZER_NUMBER_OBJECT_CONVERSION = YES_AGGRESSIVE;
				CLANG_CXX_LANGUAGE_STANDARD = "gnu++20";
				CLANG_ENABLE_MODULES = YES;
				CLANG_ENABLE_OBJC_ARC = YES;
				CLANG_ENABLE_OBJC_WEAK = YES;
				CLANG_WARN_BLOCK_CAPTURE_AUTORELEASING = YES;
				CLANG_WARN_BOOL_CONVERSION = YES;
				CLANG_WARN_COMMA = YES;
				CLANG_WARN_CONSTANT_CONVERSION = YES;
				CLANG_WARN_DEPRECATED_OBJC_IMPLEMENTATIONS = YES;
				CLANG_WARN_DIRECT_OBJC_ISA_USAGE = YES_ERROR;
				CLANG_WARN_DOCUMENTATION_COMMENTS = YES;
				CLANG_WARN_EMPTY_BODY = YES;
				CLANG_WARN_ENUM_CONVERSION = YES;
				CLANG_WARN_INFINITE_RECURSION = YES;
				CLANG_WARN_INT_CONVERSION = YES;
				CLANG_WARN_NON_LITERAL_NULL_CONVERSION = YES;
				CLANG_WARN_OBJC_IMPLICIT_RETAIN_SELF = YES;
				CLANG_WARN_OBJC_LITERAL_CONVERSION = YES;
				CLANG_WARN_OBJC_ROOT_CLASS = YES_ERROR;
				CLANG_WARN_QUOTED_INCLUDE_IN_FRAMEWORK_HEADER = YES;
				CLANG_WARN_RANGE_LOOP_ANALYSIS = YES;
				CLANG_WARN_STRICT_PROTOTYPES = YES;
				CLANG_WARN_SUSPICIOUS_MOVE = YES;
				CLANG_WARN_UNGUARDED_AVAILABILITY = YES_AGGRESSIVE;
				CLANG_WARN_UNREACHABLE_CODE = YES;
				CLANG_WARN__DUPLICATE_METHOD_MATCH = YES;
				COPY_PHASE_STRIP = NO;
				DEAD_CODE_STRIPPING = YES;
				DEBUG_INFORMATION_FORMAT = "dwarf-with-dsym";
				ENABLE_NS_ASSERTIONS = NO;
				ENABLE_STRICT_OBJC_MSGSEND = YES;
				ENABLE_USER_SCRIPT_SANDBOXING = YES;
				GCC_C_LANGUAGE_STANDARD = gnu17;
				GCC_NO_COMMON_BLOCKS = YES;
				GCC_WARN_64_TO_32_BIT_CONVERSION = YES;
				GCC_WARN_ABOUT_RETURN_TYPE = YES_ERROR;
				GCC_WARN_UNDECLARED_SELECTOR = YES;
				GCC_WARN_UNINITIALIZED_AUTOS = YES_AGGRESSIVE;
				GCC_WARN_UNUSED_FUNCTION = YES;
				GCC_WARN_UNUSED_VARIABLE = YES;
				LOCALIZATION_PREFERS_STRING_CATALOGS = YES;
				MTL_ENABLE_DEBUG_INFO = NO;
				MTL_FAST_MATH = YES;
				STRING_CATALOG_GENERATE_SYMBOLS = YES;
				SWIFT_COMPILATION_MODE = wholemodule;
				SWIFT_STRICT_CONCURRENCY = complete;
				SWIFT_VERSION = 5.0;
			};
			name = Release;
		};
		23A64E992ACC5313005B6344 /* Debug */ = {
			isa = XCBuildConfiguration;
			buildSettings = {
				ASSETCATALOG_COMPILER_APPICON_NAME = AppIcon;
				ASSETCATALOG_COMPILER_GLOBAL_ACCENT_COLOR_NAME = AccentColor;
				CODE_SIGN_ENTITLEMENTS = SwiftDataTCA/SwiftDataTCA.entitlements;
				"CODE_SIGN_IDENTITY[sdk=macosx*]" = "Apple Development";
				CODE_SIGN_STYLE = Automatic;
				CURRENT_PROJECT_VERSION = 1;
				DEAD_CODE_STRIPPING = YES;
				DEVELOPMENT_ASSET_PATHS = "\"SwiftDataTCA/Preview Content\"";
				DEVELOPMENT_TEAM = TPV5UDR346;
				ENABLE_APP_SANDBOX = YES;
				ENABLE_PREVIEWS = YES;
				ENABLE_USER_SELECTED_FILES = readonly;
				GENERATE_INFOPLIST_FILE = YES;
				INFOPLIST_FILE = SwiftDataTCA/Info.plist;
				"INFOPLIST_KEY_UIApplicationSceneManifest_Generation[sdk=iphoneos*]" = YES;
				"INFOPLIST_KEY_UIApplicationSceneManifest_Generation[sdk=iphonesimulator*]" = YES;
				"INFOPLIST_KEY_UIApplicationSupportsIndirectInputEvents[sdk=iphoneos*]" = YES;
				"INFOPLIST_KEY_UIApplicationSupportsIndirectInputEvents[sdk=iphonesimulator*]" = YES;
				"INFOPLIST_KEY_UILaunchScreen_Generation[sdk=iphoneos*]" = YES;
				"INFOPLIST_KEY_UILaunchScreen_Generation[sdk=iphonesimulator*]" = YES;
				"INFOPLIST_KEY_UIStatusBarStyle[sdk=iphoneos*]" = UIStatusBarStyleDefault;
				"INFOPLIST_KEY_UIStatusBarStyle[sdk=iphonesimulator*]" = UIStatusBarStyleDefault;
				INFOPLIST_KEY_UISupportedInterfaceOrientations_iPad = "UIInterfaceOrientationPortrait UIInterfaceOrientationPortraitUpsideDown UIInterfaceOrientationLandscapeLeft UIInterfaceOrientationLandscapeRight";
				INFOPLIST_KEY_UISupportedInterfaceOrientations_iPhone = "UIInterfaceOrientationPortrait UIInterfaceOrientationLandscapeLeft UIInterfaceOrientationLandscapeRight";
				IPHONEOS_DEPLOYMENT_TARGET = 17.5;
				LD_RUNPATH_SEARCH_PATHS = "@executable_path/Frameworks";
				"LD_RUNPATH_SEARCH_PATHS[sdk=macosx*]" = "@executable_path/../Frameworks";
				MACOSX_DEPLOYMENT_TARGET = 14.0;
				MARKETING_VERSION = 1.0;
				PRODUCT_BUNDLE_IDENTIFIER = com.nabil.swiftdata;
				PRODUCT_NAME = "$(TARGET_NAME)";
				SDKROOT = auto;
				SUPPORTED_PLATFORMS = "iphoneos iphonesimulator macosx";
				SWIFT_EMIT_LOC_STRINGS = YES;
				SWIFT_VERSION = 5.0;
				TARGETED_DEVICE_FAMILY = "1,2";
			};
			name = Debug;
		};
		23A64E9A2ACC5313005B6344 /* Release */ = {
			isa = XCBuildConfiguration;
			buildSettings = {
				ASSETCATALOG_COMPILER_APPICON_NAME = AppIcon;
				ASSETCATALOG_COMPILER_GLOBAL_ACCENT_COLOR_NAME = AccentColor;
				CODE_SIGN_ENTITLEMENTS = SwiftDataTCA/SwiftDataTCA.entitlements;
				"CODE_SIGN_IDENTITY[sdk=macosx*]" = "Apple Development";
				CODE_SIGN_STYLE = Automatic;
				CURRENT_PROJECT_VERSION = 1;
				DEAD_CODE_STRIPPING = YES;
				DEVELOPMENT_ASSET_PATHS = "\"SwiftDataTCA/Preview Content\"";
				DEVELOPMENT_TEAM = TPV5UDR346;
				ENABLE_APP_SANDBOX = YES;
				ENABLE_PREVIEWS = YES;
				ENABLE_USER_SELECTED_FILES = readonly;
				GENERATE_INFOPLIST_FILE = YES;
				INFOPLIST_FILE = SwiftDataTCA/Info.plist;
				"INFOPLIST_KEY_UIApplicationSceneManifest_Generation[sdk=iphoneos*]" = YES;
				"INFOPLIST_KEY_UIApplicationSceneManifest_Generation[sdk=iphonesimulator*]" = YES;
				"INFOPLIST_KEY_UIApplicationSupportsIndirectInputEvents[sdk=iphoneos*]" = YES;
				"INFOPLIST_KEY_UIApplicationSupportsIndirectInputEvents[sdk=iphonesimulator*]" = YES;
				"INFOPLIST_KEY_UILaunchScreen_Generation[sdk=iphoneos*]" = YES;
				"INFOPLIST_KEY_UILaunchScreen_Generation[sdk=iphonesimulator*]" = YES;
				"INFOPLIST_KEY_UIStatusBarStyle[sdk=iphoneos*]" = UIStatusBarStyleDefault;
				"INFOPLIST_KEY_UIStatusBarStyle[sdk=iphonesimulator*]" = UIStatusBarStyleDefault;
				INFOPLIST_KEY_UISupportedInterfaceOrientations_iPad = "UIInterfaceOrientationPortrait UIInterfaceOrientationPortraitUpsideDown UIInterfaceOrientationLandscapeLeft UIInterfaceOrientationLandscapeRight";
				INFOPLIST_KEY_UISupportedInterfaceOrientations_iPhone = "UIInterfaceOrientationPortrait UIInterfaceOrientationLandscapeLeft UIInterfaceOrientationLandscapeRight";
				IPHONEOS_DEPLOYMENT_TARGET = 17.5;
				LD_RUNPATH_SEARCH_PATHS = "@executable_path/Frameworks";
				"LD_RUNPATH_SEARCH_PATHS[sdk=macosx*]" = "@executable_path/../Frameworks";
				MACOSX_DEPLOYMENT_TARGET = 14.0;
				MARKETING_VERSION = 1.0;
				PRODUCT_BUNDLE_IDENTIFIER = com.nabil.swiftdata;
				PRODUCT_NAME = "$(TARGET_NAME)";
				SDKROOT = auto;
				SUPPORTED_PLATFORMS = "iphoneos iphonesimulator macosx";
				SWIFT_EMIT_LOC_STRINGS = YES;
				SWIFT_VERSION = 5.0;
				TARGETED_DEVICE_FAMILY = "1,2";
			};
			name = Release;
		};
		BD0DC1E22C41779D00821D09 /* Debug */ = {
			isa = XCBuildConfiguration;
			buildSettings = {
				BUNDLE_LOADER = "$(TEST_HOST)";
				CODE_SIGN_STYLE = Automatic;
				CURRENT_PROJECT_VERSION = 1;
				DEVELOPMENT_TEAM = UP6SS5ES7E;
				GENERATE_INFOPLIST_FILE = YES;
				IPHONEOS_DEPLOYMENT_TARGET = 17.5;
				MACOSX_DEPLOYMENT_TARGET = 14.0;
				MARKETING_VERSION = 1.0;
				PRODUCT_BUNDLE_IDENTIFIER = com.braysoftware.SwiftDataTCAXCTests;
				PRODUCT_NAME = "$(TARGET_NAME)";
				SDKROOT = auto;
				SUPPORTED_PLATFORMS = "iphoneos iphonesimulator macosx xros xrsimulator";
				SWIFT_EMIT_LOC_STRINGS = NO;
				SWIFT_VERSION = 5.0;
				TARGETED_DEVICE_FAMILY = "1,2,7";
				TEST_HOST = "$(BUILT_PRODUCTS_DIR)/SwiftDataTCA.app/$(BUNDLE_EXECUTABLE_FOLDER_PATH)/SwiftDataTCA";
				XROS_DEPLOYMENT_TARGET = 2.0;
			};
			name = Debug;
		};
		BD0DC1E32C41779D00821D09 /* Release */ = {
			isa = XCBuildConfiguration;
			buildSettings = {
				BUNDLE_LOADER = "$(TEST_HOST)";
				CODE_SIGN_STYLE = Automatic;
				CURRENT_PROJECT_VERSION = 1;
				DEVELOPMENT_TEAM = UP6SS5ES7E;
				GENERATE_INFOPLIST_FILE = YES;
				IPHONEOS_DEPLOYMENT_TARGET = 17.5;
				MACOSX_DEPLOYMENT_TARGET = 14.0;
				MARKETING_VERSION = 1.0;
				PRODUCT_BUNDLE_IDENTIFIER = com.braysoftware.SwiftDataTCAXCTests;
				PRODUCT_NAME = "$(TARGET_NAME)";
				SDKROOT = auto;
				SUPPORTED_PLATFORMS = "iphoneos iphonesimulator macosx xros xrsimulator";
				SWIFT_EMIT_LOC_STRINGS = NO;
				SWIFT_VERSION = 5.0;
				TARGETED_DEVICE_FAMILY = "1,2,7";
				TEST_HOST = "$(BUILT_PRODUCTS_DIR)/SwiftDataTCA.app/$(BUNDLE_EXECUTABLE_FOLDER_PATH)/SwiftDataTCA";
				XROS_DEPLOYMENT_TARGET = 2.0;
			};
			name = Release;
		};
		BD1676BA2C98DC65004AA2D2 /* Debug */ = {
			isa = XCBuildConfiguration;
			buildSettings = {
				CODE_SIGN_STYLE = Automatic;
				CURRENT_PROJECT_VERSION = 1;
				DEVELOPMENT_TEAM = UP6SS5ES7E;
				GENERATE_INFOPLIST_FILE = YES;
				IPHONEOS_DEPLOYMENT_TARGET = 17.5;
				MARKETING_VERSION = 1.0;
				PRODUCT_BUNDLE_IDENTIFIER = com.braysoftware.SwiftDataTCAUITests;
				PRODUCT_NAME = "$(TARGET_NAME)";
				SDKROOT = iphoneos;
				SWIFT_EMIT_LOC_STRINGS = NO;
				SWIFT_VERSION = 5.0;
				TARGETED_DEVICE_FAMILY = "1,2";
				TEST_TARGET_NAME = SwiftDataTCA;
			};
			name = Debug;
		};
		BD1676BB2C98DC65004AA2D2 /* Release */ = {
			isa = XCBuildConfiguration;
			buildSettings = {
				CODE_SIGN_STYLE = Automatic;
				CURRENT_PROJECT_VERSION = 1;
				DEVELOPMENT_TEAM = UP6SS5ES7E;
				GENERATE_INFOPLIST_FILE = YES;
				IPHONEOS_DEPLOYMENT_TARGET = 17.5;
				MARKETING_VERSION = 1.0;
				PRODUCT_BUNDLE_IDENTIFIER = com.braysoftware.SwiftDataTCAUITests;
				PRODUCT_NAME = "$(TARGET_NAME)";
				SDKROOT = iphoneos;
				SWIFT_EMIT_LOC_STRINGS = NO;
				SWIFT_VERSION = 5.0;
				TARGETED_DEVICE_FAMILY = "1,2";
				TEST_TARGET_NAME = SwiftDataTCA;
				VALIDATE_PRODUCT = YES;
			};
			name = Release;
		};
		BD7338112C4118CA001D0E04 /* Debug */ = {
			isa = XCBuildConfiguration;
			buildSettings = {
				BUNDLE_LOADER = "$(TEST_HOST)";
				CODE_SIGN_STYLE = Automatic;
				CURRENT_PROJECT_VERSION = 1;
				DEVELOPMENT_TEAM = UP6SS5ES7E;
				GENERATE_INFOPLIST_FILE = YES;
				IPHONEOS_DEPLOYMENT_TARGET = 17.5;
				MACOSX_DEPLOYMENT_TARGET = 14.0;
				MARKETING_VERSION = 1.0;
				PRODUCT_BUNDLE_IDENTIFIER = com.braysoftware.SwiftDataTCATests;
				PRODUCT_NAME = "$(TARGET_NAME)";
				SDKROOT = auto;
				SUPPORTED_PLATFORMS = "iphoneos iphonesimulator macosx xros xrsimulator";
				SWIFT_EMIT_LOC_STRINGS = NO;
				SWIFT_VERSION = 5.0;
				TARGETED_DEVICE_FAMILY = "1,2,7";
				TEST_HOST = "$(BUILT_PRODUCTS_DIR)/SwiftDataTCA.app/$(BUNDLE_EXECUTABLE_FOLDER_PATH)/SwiftDataTCA";
				XROS_DEPLOYMENT_TARGET = 2.0;
			};
			name = Debug;
		};
		BD7338122C4118CA001D0E04 /* Release */ = {
			isa = XCBuildConfiguration;
			buildSettings = {
				BUNDLE_LOADER = "$(TEST_HOST)";
				CODE_SIGN_STYLE = Automatic;
				CURRENT_PROJECT_VERSION = 1;
				DEVELOPMENT_TEAM = UP6SS5ES7E;
				GENERATE_INFOPLIST_FILE = YES;
				IPHONEOS_DEPLOYMENT_TARGET = 17.5;
				MACOSX_DEPLOYMENT_TARGET = 14.0;
				MARKETING_VERSION = 1.0;
				PRODUCT_BUNDLE_IDENTIFIER = com.braysoftware.SwiftDataTCATests;
				PRODUCT_NAME = "$(TARGET_NAME)";
				SDKROOT = auto;
				SUPPORTED_PLATFORMS = "iphoneos iphonesimulator macosx xros xrsimulator";
				SWIFT_EMIT_LOC_STRINGS = NO;
				SWIFT_VERSION = 5.0;
				TARGETED_DEVICE_FAMILY = "1,2,7";
				TEST_HOST = "$(BUILT_PRODUCTS_DIR)/SwiftDataTCA.app/$(BUNDLE_EXECUTABLE_FOLDER_PATH)/SwiftDataTCA";
				XROS_DEPLOYMENT_TARGET = 2.0;
			};
			name = Release;
		};
/* End XCBuildConfiguration section */

/* Begin XCConfigurationList section */
		23A64E812ACC5312005B6344 /* Build configuration list for PBXProject "SwiftDataTCA" */ = {
			isa = XCConfigurationList;
			buildConfigurations = (
				23A64E962ACC5313005B6344 /* Debug */,
				23A64E972ACC5313005B6344 /* Release */,
			);
			defaultConfigurationIsVisible = 0;
			defaultConfigurationName = Release;
		};
		23A64E982ACC5313005B6344 /* Build configuration list for PBXNativeTarget "SwiftDataTCA" */ = {
			isa = XCConfigurationList;
			buildConfigurations = (
				23A64E992ACC5313005B6344 /* Debug */,
				23A64E9A2ACC5313005B6344 /* Release */,
			);
			defaultConfigurationIsVisible = 0;
			defaultConfigurationName = Release;
		};
		BD0DC1E42C41779D00821D09 /* Build configuration list for PBXNativeTarget "SwiftDataTCAXCTests" */ = {
			isa = XCConfigurationList;
			buildConfigurations = (
				BD0DC1E22C41779D00821D09 /* Debug */,
				BD0DC1E32C41779D00821D09 /* Release */,
			);
			defaultConfigurationIsVisible = 0;
			defaultConfigurationName = Release;
		};
		BD1676B92C98DC65004AA2D2 /* Build configuration list for PBXNativeTarget "SwiftDataTCAUITests" */ = {
			isa = XCConfigurationList;
			buildConfigurations = (
				BD1676BA2C98DC65004AA2D2 /* Debug */,
				BD1676BB2C98DC65004AA2D2 /* Release */,
			);
			defaultConfigurationIsVisible = 0;
			defaultConfigurationName = Release;
		};
		BD7338102C4118CA001D0E04 /* Build configuration list for PBXNativeTarget "SwiftDataTCATests" */ = {
			isa = XCConfigurationList;
			buildConfigurations = (
				BD7338112C4118CA001D0E04 /* Debug */,
				BD7338122C4118CA001D0E04 /* Release */,
			);
			defaultConfigurationIsVisible = 0;
			defaultConfigurationName = Release;
		};
/* End XCConfigurationList section */

/* Begin XCRemoteSwiftPackageReference section */
		23A64E9B2ACC5DFE005B6344 /* XCRemoteSwiftPackageReference "swift-composable-architecture" */ = {
			isa = XCRemoteSwiftPackageReference;
			repositoryURL = "https://github.com/pointfreeco/swift-composable-architecture";
			requirement = {
				kind = upToNextMajorVersion;
				minimumVersion = 1.11.2;
			};
		};
		BD0DC1E52C43A77400821D09 /* XCRemoteSwiftPackageReference "SwiftLintPlugins" */ = {
			isa = XCRemoteSwiftPackageReference;
			repositoryURL = "https://github.com/SimplyDanny/SwiftLintPlugins";
			requirement = {
				kind = upToNextMajorVersion;
				minimumVersion = 0.55.1;
			};
		};
		BD1DE7C72C9635F100F3E85F /* XCRemoteSwiftPackageReference "SwiftLintPlugins" */ = {
			isa = XCRemoteSwiftPackageReference;
			repositoryURL = "https://github.com/SimplyDanny/SwiftLintPlugins";
			requirement = {
				kind = upToNextMajorVersion;
				minimumVersion = 0.57.0;
			};
		};
		BD2182882C4D357700FCB16E /* XCRemoteSwiftPackageReference "swift-snapshot-testing" */ = {
			isa = XCRemoteSwiftPackageReference;
			repositoryURL = "https://github.com/pointfreeco/swift-snapshot-testing";
			requirement = {
				kind = upToNextMajorVersion;
				minimumVersion = 1.17.4;
			};
		};
		BDF59DCE2CA1E18E00DC7D00 /* XCRemoteSwiftPackageReference "swift-identified-collections" */ = {
			isa = XCRemoteSwiftPackageReference;
			repositoryURL = "https://github.com/pointfreeco/swift-identified-collections";
			requirement = {
				kind = upToNextMajorVersion;
				minimumVersion = 1.1.0;
			};
		};
/* End XCRemoteSwiftPackageReference section */

/* Begin XCSwiftPackageProductDependency section */
		23A64E9C2ACC5DFE005B6344 /* ComposableArchitecture */ = {
			isa = XCSwiftPackageProductDependency;
			package = 23A64E9B2ACC5DFE005B6344 /* XCRemoteSwiftPackageReference "swift-composable-architecture" */;
			productName = ComposableArchitecture;
		};
		BD0DC1E62C43A83400821D09 /* SwiftLintBuildToolPlugin */ = {
			isa = XCSwiftPackageProductDependency;
			package = BD0DC1E52C43A77400821D09 /* XCRemoteSwiftPackageReference "SwiftLintPlugins" */;
			productName = "plugin:SwiftLintBuildToolPlugin";
		};
		BD2182892C4D35DA00FCB16E /* SnapshotTesting */ = {
			isa = XCSwiftPackageProductDependency;
			package = BD2182882C4D357700FCB16E /* XCRemoteSwiftPackageReference "swift-snapshot-testing" */;
			productName = SnapshotTesting;
		};
		BDF59DCF2CA1E18E00DC7D00 /* IdentifiedCollections */ = {
			isa = XCSwiftPackageProductDependency;
			package = BDF59DCE2CA1E18E00DC7D00 /* XCRemoteSwiftPackageReference "swift-identified-collections" */;
			productName = IdentifiedCollections;
		};
/* End XCSwiftPackageProductDependency section */
	};
	rootObject = 23A64E7E2ACC5312005B6344 /* Project object */;
}
